
Microsoft Visual Studio Solution File, Format Version 12.00
# Visual Studio 14
VisualStudioVersion = 14.0.23107.0
MinimumVisualStudioVersion = 10.0.40219.1
Project("{FAE04EC0-301F-11D3-BF4B-00C04F79EFBC}") = "BOBY_quickbar_32", "BOBY_quickbar\BOBY_quickbar_32.csproj", "{AC9D6225-B0D5-40E6-A346-D98664B2BBF0}"
EndProject
Project("{FAE04EC0-301F-11D3-BF4B-00C04F79EFBC}") = "BOBY_quickbar", "BOBY_quickbar_64\BOBY_quickbar.csproj", "{712CAB14-4CA8-4C10-83A3-C9750550D1A6}"
EndProject
Global
	GlobalSection(SolutionConfigurationPlatforms) = preSolution
		Debug|Any CPU = Debug|Any CPU
		Release|Any CPU = Release|Any CPU
	EndGlobalSection
	GlobalSection(ProjectConfigurationPlatforms) = postSolution
		{AC9D6225-B0D5-40E6-A346-D98664B2BBF0}.Debug|Any CPU.ActiveCfg = Debug|Any CPU
		{AC9D6225-B0D5-40E6-A346-D98664B2BBF0}.Debug|Any CPU.Build.0 = Debug|Any CPU
		{AC9D6225-B0D5-40E6-A346-D98664B2BBF0}.Release|Any CPU.ActiveCfg = Release|Any CPU
		{AC9D6225-B0D5-40E6-A346-D98664B2BBF0}.Release|Any CPU.Build.0 = Release|Any CPU
		{712CAB14-4CA8-4C10-83A3-C9750550D1A6}.Debug|Any CPU.ActiveCfg = Debug|Any CPU
		{712CAB14-4CA8-4C10-83A3-C9750550D1A6}.Debug|Any CPU.Build.0 = Debug|Any CPU
		{712CAB14-4CA8-4C10-83A3-C9750550D1A6}.Release|Any CPU.ActiveCfg = Release|Any CPU
		{712CAB14-4CA8-4C10-83A3-C9750550D1A6}.Release|Any CPU.Build.0 = Release|Any CPU
	EndGlobalSection
	GlobalSection(SolutionProperties) = preSolution
		HideSolutionNode = FALSE
	EndGlobalSection
EndGlobal
