
Microsoft Visual Studio Solution File, Format Version 11.00
# Visual Studio 2010
# SharpDevelop 4.3
Project("{FAE04EC0-301F-11D3-BF4B-00C04F79EFBC}") = "BOBY_quickbar", "BOBY_quickbar.csproj", "{AC9D6225-B0D5-40E6-A346-D98664B2BBF0}"
EndProject
Global
	GlobalSection(SolutionConfigurationPlatforms) = preSolution
		Debug|Any CPU = Debug|Any CPU
		Release|Any CPU = Release|Any CPU
	EndGlobalSection
	GlobalSection(ProjectConfigurationPlatforms) = postSolution
		{AC9D6225-B0D5-40E6-A346-D98664B2BBF0}.Debug|Any CPU.Build.0 = Debug|Any CPU
		{AC9D6225-B0D5-40E6-A346-D98664B2BBF0}.Debug|Any CPU.ActiveCfg = Debug|Any CPU
		{AC9D6225-B0D5-40E6-A346-D98664B2BBF0}.Release|Any CPU.Build.0 = Release|Any CPU
		{AC9D6225-B0D5-40E6-A346-D98664B2BBF0}.Release|Any CPU.ActiveCfg = Release|Any CPU
	EndGlobalSection
EndGlobal
